Microsoft Visual Studio Solution File, Format Version 12.00
# Visual Studio Version 17
VisualStudioVersion = 17.0.31903.59
MinimumVisualStudioVersion = 10.0.40219.1
Project("{FAE04EC0-301F-11D3-BF4B-00C04F79EFBC}") = "which", "src\which.csproj", "{5688502D-E1E5-D139-182E-F9CA84A4AB9D}"
EndProject
Project("{FAE04EC0-301F-11D3-BF4B-00C04F79EFBC}") = "which.tests", "test\which.tests.csproj", "{3F8B99DA-7AB7-60FE-A1C9-739E8C4E5A9C}"
EndProject
Global
	GlobalSection(SolutionConfigurationPlatforms) = preSolution
		Debug|Any CPU = Debug|Any CPU
		Release|Any CPU = Release|Any CPU
	EndGlobalSection
	GlobalSection(ProjectConfigurationPlatforms) = postSolution
		{5688502D-E1E5-D139-182E-F9CA84A4AB9D}.Debug|Any CPU.ActiveCfg = Debug|Any CPU
		{5688502D-E1E5-D139-182E-F9CA84A4AB9D}.Debug|Any CPU.Build.0 = Debug|Any CPU
		{5688502D-E1E5-D139-182E-F9CA84A4AB9D}.Release|Any CPU.ActiveCfg = Release|Any CPU
		{5688502D-E1E5-D139-182E-F9CA84A4AB9D}.Release|Any CPU.Build.0 = Release|Any CPU
		{3F8B99DA-7AB7-60FE-A1C9-739E8C4E5A9C}.Debug|Any CPU.ActiveCfg = Debug|Any CPU
		{3F8B99DA-7AB7-60FE-A1C9-739E8C4E5A9C}.Debug|Any CPU.Build.0 = Debug|Any CPU
		{3F8B99DA-7AB7-60FE-A1C9-739E8C4E5A9C}.Release|Any CPU.ActiveCfg = Release|Any CPU
		{3F8B99DA-7AB7-60FE-A1C9-739E8C4E5A9C}.Release|Any CPU.Build.0 = Release|Any CPU
	EndGlobalSection
	GlobalSection(SolutionProperties) = preSolution
		HideSolutionNode = FALSE
	EndGlobalSection
EndGlobal
